
Microsoft Visual Studio Solution File, Format Version 12.00
# Visual Studio Version 17
VisualStudioVersion = 17.1.32414.318
MinimumVisualStudioVersion = 10.0.40219.1
Project("{FAE04EC0-301F-11D3-BF4B-00C04F79EFBC}") = "CondorBlazorApp", "CondorBlazorApp\CondorBlazorApp.csproj", "{CFF1E96A-5BCA-42CD-A206-C19950DD1AD9}"
EndProject
Global
	GlobalSection(SolutionConfigurationPlatforms) = preSolution
		Debug|Any CPU = Debug|Any CPU
		Release|Any CPU = Release|Any CPU
	EndGlobalSection
	GlobalSection(ProjectConfigurationPlatforms) = postSolution
		{CFF1E96A-5BCA-42CD-A206-C19950DD1AD9}.Debug|Any CPU.ActiveCfg = Debug|Any CPU
		{CFF1E96A-5BCA-42CD-A206-C19950DD1AD9}.Debug|Any CPU.Build.0 = Debug|Any CPU
		{CFF1E96A-5BCA-42CD-A206-C19950DD1AD9}.Release|Any CPU.ActiveCfg = Release|Any CPU
		{CFF1E96A-5BCA-42CD-A206-C19950DD1AD9}.Release|Any CPU.Build.0 = Release|Any CPU
	EndGlobalSection
	GlobalSection(SolutionProperties) = preSolution
		HideSolutionNode = FALSE
	EndGlobalSection
	GlobalSection(ExtensibilityGlobals) = postSolution
		SolutionGuid = {46BB8014-F4DD-4E69-860C-B52A82EFDFDE}
	EndGlobalSection
EndGlobal
